
Microsoft Visual Studio Solution File, Format Version 12.00
# Visual Studio 16
Project("{FAE04EC0-301F-11D3-BF4B-00C04F79EFBC}") = "Assembly-CSharp", "Assembly-CSharp.csproj", "{A3BE37AE-6FB7-C64B-1CBF-06EC8045F9C4}"
EndProject
Project("{FAE04EC0-301F-11D3-BF4B-00C04F79EFBC}") = "Assembly-CSharp-Editor", "Assembly-CSharp-Editor.csproj", "{ED5093EE-4008-8850-26DC-E437DDA547E3}"
EndProject
Global
	GlobalSection(SolutionConfigurationPlatforms) = preSolution
		Debug|Any CPU = Debug|Any CPU
		Release|Any CPU = Release|Any CPU
	EndGlobalSection
	GlobalSection(ProjectConfigurationPlatforms) = postSolution
		{A3BE37AE-6FB7-C64B-1CBF-06EC8045F9C4}.Debug|Any CPU.ActiveCfg = Debug|Any CPU
		{A3BE37AE-6FB7-C64B-1CBF-06EC8045F9C4}.Debug|Any CPU.Build.0 = Debug|Any CPU
		{A3BE37AE-6FB7-C64B-1CBF-06EC8045F9C4}.Release|Any CPU.ActiveCfg = Release|Any CPU
		{A3BE37AE-6FB7-C64B-1CBF-06EC8045F9C4}.Release|Any CPU.Build.0 = Release|Any CPU
		{ED5093EE-4008-8850-26DC-E437DDA547E3}.Debug|Any CPU.ActiveCfg = Debug|Any CPU
		{ED5093EE-4008-8850-26DC-E437DDA547E3}.Debug|Any CPU.Build.0 = Debug|Any CPU
		{ED5093EE-4008-8850-26DC-E437DDA547E3}.Release|Any CPU.ActiveCfg = Release|Any CPU
		{ED5093EE-4008-8850-26DC-E437DDA547E3}.Release|Any CPU.Build.0 = Release|Any CPU
	EndGlobalSection
	GlobalSection(SolutionProperties) = preSolution
		HideSolutionNode = FALSE
	EndGlobalSection
EndGlobal
